
Microsoft Visual Studio Solution File, Format Version 11.00
# Visual Studio 2010
Project("{FAE04EC0-301F-11D3-BF4B-00C04F79EFBC}") = "ObjectDataSourceSample", "ObjectDataSourceSample\ObjectDataSourceSample.csproj", "{F3940375-EB0A-4660-8B9D-6BD80E2D4956}"
EndProject
Project("{FAE04EC0-301F-11D3-BF4B-00C04F79EFBC}") = "Domain", "Domain\Domain.csproj", "{375142C6-C5E1-4956-AB18-EEEF10A4FBB3}"
EndProject
Project("{FAE04EC0-301F-11D3-BF4B-00C04F79EFBC}") = "DAO", "DAO\DAO.csproj", "{6851C96B-5ED1-4BF2-BD6A-BD87902F850A}"
EndProject
Project("{FAE04EC0-301F-11D3-BF4B-00C04F79EFBC}") = "BLL", "BLL\BLL.csproj", "{6D83663B-A488-44BC-86D7-B0C5ECDC98FD}"
EndProject
Global
	GlobalSection(SolutionConfigurationPlatforms) = preSolution
		Debug|Any CPU = Debug|Any CPU
		Release|Any CPU = Release|Any CPU
	EndGlobalSection
	GlobalSection(ProjectConfigurationPlatforms) = postSolution
		{F3940375-EB0A-4660-8B9D-6BD80E2D4956}.Debug|Any CPU.ActiveCfg = Debug|Any CPU
		{F3940375-EB0A-4660-8B9D-6BD80E2D4956}.Debug|Any CPU.Build.0 = Debug|Any CPU
		{F3940375-EB0A-4660-8B9D-6BD80E2D4956}.Release|Any CPU.ActiveCfg = Release|Any CPU
		{F3940375-EB0A-4660-8B9D-6BD80E2D4956}.Release|Any CPU.Build.0 = Release|Any CPU
		{375142C6-C5E1-4956-AB18-EEEF10A4FBB3}.Debug|Any CPU.ActiveCfg = Debug|Any CPU
		{375142C6-C5E1-4956-AB18-EEEF10A4FBB3}.Debug|Any CPU.Build.0 = Debug|Any CPU
		{375142C6-C5E1-4956-AB18-EEEF10A4FBB3}.Release|Any CPU.ActiveCfg = Release|Any CPU
		{375142C6-C5E1-4956-AB18-EEEF10A4FBB3}.Release|Any CPU.Build.0 = Release|Any CPU
		{6851C96B-5ED1-4BF2-BD6A-BD87902F850A}.Debug|Any CPU.ActiveCfg = Debug|Any CPU
		{6851C96B-5ED1-4BF2-BD6A-BD87902F850A}.Debug|Any CPU.Build.0 = Debug|Any CPU
		{6851C96B-5ED1-4BF2-BD6A-BD87902F850A}.Release|Any CPU.ActiveCfg = Release|Any CPU
		{6851C96B-5ED1-4BF2-BD6A-BD87902F850A}.Release|Any CPU.Build.0 = Release|Any CPU
		{6D83663B-A488-44BC-86D7-B0C5ECDC98FD}.Debug|Any CPU.ActiveCfg = Debug|Any CPU
		{6D83663B-A488-44BC-86D7-B0C5ECDC98FD}.Debug|Any CPU.Build.0 = Debug|Any CPU
		{6D83663B-A488-44BC-86D7-B0C5ECDC98FD}.Release|Any CPU.ActiveCfg = Release|Any CPU
		{6D83663B-A488-44BC-86D7-B0C5ECDC98FD}.Release|Any CPU.Build.0 = Release|Any CPU
	EndGlobalSection
	GlobalSection(SolutionProperties) = preSolution
		HideSolutionNode = FALSE
	EndGlobalSection
EndGlobal
