
Microsoft Visual Studio Solution File, Format Version 12.00
# Visual Studio 15
VisualStudioVersion = 15.0.27004.2002
MinimumVisualStudioVersion = 10.0.40219.1
Project("{FAE04EC0-301F-11D3-BF4B-00C04F79EFBC}") = "NunitTest", "NunitTest\NunitTest.csproj", "{265A719A-E34B-4AFD-8134-40F19E8A0835}"
EndProject
Project("{FAE04EC0-301F-11D3-BF4B-00C04F79EFBC}") = "NunitTestCode", "ClassLibrary3\NunitTestCode.csproj", "{692CE484-3EC0-44C4-BB94-51EAB49CD0F0}"
EndProject
Global
	GlobalSection(SolutionConfigurationPlatforms) = preSolution
		Debug|Any CPU = Debug|Any CPU
		Release|Any CPU = Release|Any CPU
	EndGlobalSection
	GlobalSection(ProjectConfigurationPlatforms) = postSolution
		{265A719A-E34B-4AFD-8134-40F19E8A0835}.Debug|Any CPU.ActiveCfg = Debug|Any CPU
		{265A719A-E34B-4AFD-8134-40F19E8A0835}.Debug|Any CPU.Build.0 = Debug|Any CPU
		{265A719A-E34B-4AFD-8134-40F19E8A0835}.Release|Any CPU.ActiveCfg = Release|Any CPU
		{265A719A-E34B-4AFD-8134-40F19E8A0835}.Release|Any CPU.Build.0 = Release|Any CPU
		{692CE484-3EC0-44C4-BB94-51EAB49CD0F0}.Debug|Any CPU.ActiveCfg = Debug|Any CPU
		{692CE484-3EC0-44C4-BB94-51EAB49CD0F0}.Debug|Any CPU.Build.0 = Debug|Any CPU
		{692CE484-3EC0-44C4-BB94-51EAB49CD0F0}.Release|Any CPU.ActiveCfg = Release|Any CPU
		{692CE484-3EC0-44C4-BB94-51EAB49CD0F0}.Release|Any CPU.Build.0 = Release|Any CPU
	EndGlobalSection
	GlobalSection(SolutionProperties) = preSolution
		HideSolutionNode = FALSE
	EndGlobalSection
	GlobalSection(ExtensibilityGlobals) = postSolution
		SolutionGuid = {CC707C3A-9E44-4377-93D5-E816DEDB0F11}
	EndGlobalSection
EndGlobal
