
Microsoft Visual Studio Solution File, Format Version 12.00
# Visual Studio Version 17
VisualStudioVersion = 17.8.34511.84
MinimumVisualStudioVersion = 10.0.40219.1
Project("{9A19103F-16F7-4668-BE54-9A1E7A4F7556}") = "iSecureGateway-Suprema", "iSecureGateway-Suprema.csproj", "{A7D9B87D-DF8D-47B4-A950-7681F894B575}"
EndProject
Global
	GlobalSection(SolutionConfigurationPlatforms) = preSolution
		Debug|Any CPU = Debug|Any CPU
		Debug|x64 = Debug|x64
		Release|Any CPU = Release|Any CPU
		Release|x64 = Release|x64
	EndGlobalSection
	GlobalSection(ProjectConfigurationPlatforms) = postSolution
		{A7D9B87D-DF8D-47B4-A950-7681F894B575}.Debug|Any CPU.ActiveCfg = Debug|Any CPU
		{A7D9B87D-DF8D-47B4-A950-7681F894B575}.Debug|Any CPU.Build.0 = Debug|Any CPU
		{A7D9B87D-DF8D-47B4-A950-7681F894B575}.Debug|x64.ActiveCfg = Debug|x64
		{A7D9B87D-DF8D-47B4-A950-7681F894B575}.Debug|x64.Build.0 = Debug|x64
		{A7D9B87D-DF8D-47B4-A950-7681F894B575}.Release|Any CPU.ActiveCfg = Release|Any CPU
		{A7D9B87D-DF8D-47B4-A950-7681F894B575}.Release|Any CPU.Build.0 = Release|Any CPU
		{A7D9B87D-DF8D-47B4-A950-7681F894B575}.Release|x64.ActiveCfg = Release|x64
		{A7D9B87D-DF8D-47B4-A950-7681F894B575}.Release|x64.Build.0 = Release|x64
	EndGlobalSection
	GlobalSection(SolutionProperties) = preSolution
		HideSolutionNode = FALSE
	EndGlobalSection
	GlobalSection(ExtensibilityGlobals) = postSolution
		SolutionGuid = {F19C673B-5688-45E5-AF02-04F5A4AF851E}
	EndGlobalSection
EndGlobal
