
Microsoft Visual Studio Solution File, Format Version 12.00
# Visual Studio Version 16
VisualStudioVersion = 16.0.30128.74
MinimumVisualStudioVersion = 10.0.40219.1
Project("{FAE04EC0-301F-11D3-BF4B-00C04F79EFBC}") = "RFCardPrototype", "RFCardPrototype.csproj", "{F13F0DFE-D0A0-491B-BC14-447923D6136F}"
EndProject
Global
	GlobalSection(SolutionConfigurationPlatforms) = preSolution
		Debug|Any CPU = Debug|Any CPU
		Release|Any CPU = Release|Any CPU
	EndGlobalSection
	GlobalSection(ProjectConfigurationPlatforms) = postSolution
		{F13F0DFE-D0A0-491B-BC14-447923D6136F}.Debug|Any CPU.ActiveCfg = Debug|Any CPU
		{F13F0DFE-D0A0-491B-BC14-447923D6136F}.Debug|Any CPU.Build.0 = Debug|Any CPU
		{F13F0DFE-D0A0-491B-BC14-447923D6136F}.Release|Any CPU.ActiveCfg = Release|Any CPU
		{F13F0DFE-D0A0-491B-BC14-447923D6136F}.Release|Any CPU.Build.0 = Release|Any CPU
	EndGlobalSection
	GlobalSection(SolutionProperties) = preSolution
		HideSolutionNode = FALSE
	EndGlobalSection
	GlobalSection(ExtensibilityGlobals) = postSolution
		SolutionGuid = {8C2CB5AE-FD1F-4B16-A85C-468C4124BBD5}
	EndGlobalSection
EndGlobal
