
Microsoft Visual Studio Solution File, Format Version 11.00
# Visual Studio 2010
Project("{FAE04EC0-301F-11D3-BF4B-00C04F79EFBC}") = "ImportEngine", "ImportEngine\ImportEngine.csproj", "{A8412A66-9581-48A6-85FC-65CDDB000FE8}"
EndProject
Project("{FAE04EC0-301F-11D3-BF4B-00C04F79EFBC}") = "ImportEngineTest", "ImportEngineTest\ImportEngineTest.csproj", "{2655ED7F-E333-43B6-AB07-9199B9CC398F}"
EndProject
Project("{2150E333-8FDC-42A3-9474-1A3956D46DE8}") = "Solution Items", "Solution Items", "{A884C865-87C6-47D5-B7F7-3BAEB12511CC}"
	ProjectSection(SolutionItems) = preProject
		ImportEngine.vsmdi = ImportEngine.vsmdi
		Local.testsettings = Local.testsettings
		TraceAndTestImpact.testsettings = TraceAndTestImpact.testsettings
	EndProjectSection
EndProject
Global
	GlobalSection(TestCaseManagementSettings) = postSolution
		CategoryFile = ImportEngine.vsmdi
	EndGlobalSection
	GlobalSection(SolutionConfigurationPlatforms) = preSolution
		Debug|Any CPU = Debug|Any CPU
		Release|Any CPU = Release|Any CPU
	EndGlobalSection
	GlobalSection(ProjectConfigurationPlatforms) = postSolution
		{A8412A66-9581-48A6-85FC-65CDDB000FE8}.Debug|Any CPU.ActiveCfg = Debug|Any CPU
		{A8412A66-9581-48A6-85FC-65CDDB000FE8}.Debug|Any CPU.Build.0 = Debug|Any CPU
		{A8412A66-9581-48A6-85FC-65CDDB000FE8}.Release|Any CPU.ActiveCfg = Release|Any CPU
		{A8412A66-9581-48A6-85FC-65CDDB000FE8}.Release|Any CPU.Build.0 = Release|Any CPU
		{2655ED7F-E333-43B6-AB07-9199B9CC398F}.Debug|Any CPU.ActiveCfg = Debug|Any CPU
		{2655ED7F-E333-43B6-AB07-9199B9CC398F}.Debug|Any CPU.Build.0 = Debug|Any CPU
		{2655ED7F-E333-43B6-AB07-9199B9CC398F}.Release|Any CPU.ActiveCfg = Release|Any CPU
		{2655ED7F-E333-43B6-AB07-9199B9CC398F}.Release|Any CPU.Build.0 = Release|Any CPU
	EndGlobalSection
	GlobalSection(SolutionProperties) = preSolution
		HideSolutionNode = FALSE
	EndGlobalSection
EndGlobal
