
Microsoft Visual Studio Solution File, Format Version 12.00
# Visual Studio Version 16
VisualStudioVersion = 16.0.30204.135
MinimumVisualStudioVersion = 10.0.40219.1
Project("{9A19103F-16F7-4668-BE54-9A1E7A4F7556}") = "MQTTPublishPrototype", "MQTTPublishPrototype.csproj", "{B8CB631D-A672-4D86-8DE5-787316E35E40}"
EndProject
Global
	GlobalSection(SolutionConfigurationPlatforms) = preSolution
		Debug|Any CPU = Debug|Any CPU
		Release|Any CPU = Release|Any CPU
	EndGlobalSection
	GlobalSection(ProjectConfigurationPlatforms) = postSolution
		{B8CB631D-A672-4D86-8DE5-787316E35E40}.Debug|Any CPU.ActiveCfg = Debug|Any CPU
		{B8CB631D-A672-4D86-8DE5-787316E35E40}.Debug|Any CPU.Build.0 = Debug|Any CPU
		{B8CB631D-A672-4D86-8DE5-787316E35E40}.Release|Any CPU.ActiveCfg = Release|Any CPU
		{B8CB631D-A672-4D86-8DE5-787316E35E40}.Release|Any CPU.Build.0 = Release|Any CPU
	EndGlobalSection
	GlobalSection(SolutionProperties) = preSolution
		HideSolutionNode = FALSE
	EndGlobalSection
	GlobalSection(ExtensibilityGlobals) = postSolution
		SolutionGuid = {59FA3139-FB3E-451B-AACB-59821BB8F8E8}
	EndGlobalSection
EndGlobal
