
Microsoft Visual Studio Solution File, Format Version 12.00
# Visual Studio Version 16
VisualStudioVersion = 16.0.30011.22
MinimumVisualStudioVersion = 10.0.40219.1
Project("{FAE04EC0-301F-11D3-BF4B-00C04F79EFBC}") = "testRest", "testRest.csproj", "{53D0C73B-4681-456F-906D-A8BD3E7C57A0}"
EndProject
Global
	GlobalSection(SolutionConfigurationPlatforms) = preSolution
		Debug|Any CPU = Debug|Any CPU
		Release|Any CPU = Release|Any CPU
	EndGlobalSection
	GlobalSection(ProjectConfigurationPlatforms) = postSolution
		{53D0C73B-4681-456F-906D-A8BD3E7C57A0}.Debug|Any CPU.ActiveCfg = Debug|Any CPU
		{53D0C73B-4681-456F-906D-A8BD3E7C57A0}.Debug|Any CPU.Build.0 = Debug|Any CPU
		{53D0C73B-4681-456F-906D-A8BD3E7C57A0}.Release|Any CPU.ActiveCfg = Release|Any CPU
		{53D0C73B-4681-456F-906D-A8BD3E7C57A0}.Release|Any CPU.Build.0 = Release|Any CPU
	EndGlobalSection
	GlobalSection(SolutionProperties) = preSolution
		HideSolutionNode = FALSE
	EndGlobalSection
	GlobalSection(ExtensibilityGlobals) = postSolution
		SolutionGuid = {77A7F5AC-125E-43A7-BB85-A22E7F140A97}
	EndGlobalSection
EndGlobal
