
Microsoft Visual Studio Solution File, Format Version 12.00
# Visual Studio Version 16
VisualStudioVersion = 16.0.29920.165
MinimumVisualStudioVersion = 10.0.40219.1
Project("{FAE04EC0-301F-11D3-BF4B-00C04F79EFBC}") = "ServicePrototype", "ServicePrototype.csproj", "{1C591A1B-0D27-496C-A720-ADA8248195F9}"
EndProject
Global
	GlobalSection(SolutionConfigurationPlatforms) = preSolution
		Debug|Any CPU = Debug|Any CPU
		Release|Any CPU = Release|Any CPU
	EndGlobalSection
	GlobalSection(ProjectConfigurationPlatforms) = postSolution
		{1C591A1B-0D27-496C-A720-ADA8248195F9}.Debug|Any CPU.ActiveCfg = Debug|Any CPU
		{1C591A1B-0D27-496C-A720-ADA8248195F9}.Debug|Any CPU.Build.0 = Debug|Any CPU
		{1C591A1B-0D27-496C-A720-ADA8248195F9}.Release|Any CPU.ActiveCfg = Release|Any CPU
		{1C591A1B-0D27-496C-A720-ADA8248195F9}.Release|Any CPU.Build.0 = Release|Any CPU
	EndGlobalSection
	GlobalSection(SolutionProperties) = preSolution
		HideSolutionNode = FALSE
	EndGlobalSection
	GlobalSection(ExtensibilityGlobals) = postSolution
		SolutionGuid = {B061AB52-8A4C-4537-BDE7-F601D8D6139D}
	EndGlobalSection
EndGlobal
