
Microsoft Visual Studio Solution File, Format Version 12.00
# Visual Studio Version 17
VisualStudioVersion = 17.8.34525.116
MinimumVisualStudioVersion = 10.0.40219.1
Project("{FAE04EC0-301F-11D3-BF4B-00C04F79EFBC}") = "WebAPI", "WebAPI.csproj", "{DADC5E83-C38E-4C3D-A834-58A9FE4A4FD9}"
EndProject
Project("{FAE04EC0-301F-11D3-BF4B-00C04F79EFBC}") = "ClassLibrary", "..\ClassLibrary\ClassLibrary.csproj", "{BF9451F2-32F2-499C-98EF-5F88756EA55D}"
EndProject
Global
	GlobalSection(SolutionConfigurationPlatforms) = preSolution
		Debug|Any CPU = Debug|Any CPU
		Release|Any CPU = Release|Any CPU
	EndGlobalSection
	GlobalSection(ProjectConfigurationPlatforms) = postSolution
		{DADC5E83-C38E-4C3D-A834-58A9FE4A4FD9}.Debug|Any CPU.ActiveCfg = Debug|Any CPU
		{DADC5E83-C38E-4C3D-A834-58A9FE4A4FD9}.Debug|Any CPU.Build.0 = Debug|Any CPU
		{DADC5E83-C38E-4C3D-A834-58A9FE4A4FD9}.Release|Any CPU.ActiveCfg = Release|Any CPU
		{DADC5E83-C38E-4C3D-A834-58A9FE4A4FD9}.Release|Any CPU.Build.0 = Release|Any CPU
		{BF9451F2-32F2-499C-98EF-5F88756EA55D}.Debug|Any CPU.ActiveCfg = Debug|Any CPU
		{BF9451F2-32F2-499C-98EF-5F88756EA55D}.Debug|Any CPU.Build.0 = Debug|Any CPU
		{BF9451F2-32F2-499C-98EF-5F88756EA55D}.Release|Any CPU.ActiveCfg = Release|Any CPU
		{BF9451F2-32F2-499C-98EF-5F88756EA55D}.Release|Any CPU.Build.0 = Release|Any CPU
	EndGlobalSection
	GlobalSection(SolutionProperties) = preSolution
		HideSolutionNode = FALSE
	EndGlobalSection
	GlobalSection(ExtensibilityGlobals) = postSolution
		SolutionGuid = {32209F9E-9606-4D32-B41F-4E85F45230F1}
	EndGlobalSection
EndGlobal
