
Microsoft Visual Studio Solution File, Format Version 12.00
# Visual Studio Version 16
VisualStudioVersion = 16.0.30002.166
MinimumVisualStudioVersion = 10.0.40219.1
Project("{FAE04EC0-301F-11D3-BF4B-00C04F79EFBC}") = "Circle_RestAPI", "Circle_RestAPI.csproj", "{C35B9938-A136-4A4A-9512-55FAD09BAC4D}"
EndProject
Project("{FAE04EC0-301F-11D3-BF4B-00C04F79EFBC}") = "Circle_RestAPI_Test", "..\Circle_RestAPI_Test\Circle_RestAPI_Test.csproj", "{D5125333-8102-4A9C-A55C-49C45DDA0B95}"
EndProject
Global
	GlobalSection(SolutionConfigurationPlatforms) = preSolution
		Debug|Any CPU = Debug|Any CPU
		Release|Any CPU = Release|Any CPU
	EndGlobalSection
	GlobalSection(ProjectConfigurationPlatforms) = postSolution
		{C35B9938-A136-4A4A-9512-55FAD09BAC4D}.Debug|Any CPU.ActiveCfg = Debug|Any CPU
		{C35B9938-A136-4A4A-9512-55FAD09BAC4D}.Debug|Any CPU.Build.0 = Debug|Any CPU
		{C35B9938-A136-4A4A-9512-55FAD09BAC4D}.Release|Any CPU.ActiveCfg = Release|Any CPU
		{C35B9938-A136-4A4A-9512-55FAD09BAC4D}.Release|Any CPU.Build.0 = Release|Any CPU
		{D5125333-8102-4A9C-A55C-49C45DDA0B95}.Debug|Any CPU.ActiveCfg = Debug|Any CPU
		{D5125333-8102-4A9C-A55C-49C45DDA0B95}.Debug|Any CPU.Build.0 = Debug|Any CPU
		{D5125333-8102-4A9C-A55C-49C45DDA0B95}.Release|Any CPU.ActiveCfg = Release|Any CPU
		{D5125333-8102-4A9C-A55C-49C45DDA0B95}.Release|Any CPU.Build.0 = Release|Any CPU
	EndGlobalSection
	GlobalSection(SolutionProperties) = preSolution
		HideSolutionNode = FALSE
	EndGlobalSection
	GlobalSection(ExtensibilityGlobals) = postSolution
		SolutionGuid = {E317CBDE-FCED-48ED-94FA-A0438AEBE2B6}
	EndGlobalSection
EndGlobal
