
Microsoft Visual Studio Solution File, Format Version 12.00
# Visual Studio Version 16
VisualStudioVersion = 16.0.30011.22
MinimumVisualStudioVersion = 10.0.40219.1
Project("{FAE04EC0-301F-11D3-BF4B-00C04F79EFBC}") = "ImageSave", "ImageSave.csproj", "{686D12D1-D1FC-4156-AAEE-9DD41BA45618}"
EndProject
Global
	GlobalSection(SolutionConfigurationPlatforms) = preSolution
		Debug|Any CPU = Debug|Any CPU
		Release|Any CPU = Release|Any CPU
	EndGlobalSection
	GlobalSection(ProjectConfigurationPlatforms) = postSolution
		{686D12D1-D1FC-4156-AAEE-9DD41BA45618}.Debug|Any CPU.ActiveCfg = Debug|Any CPU
		{686D12D1-D1FC-4156-AAEE-9DD41BA45618}.Debug|Any CPU.Build.0 = Debug|Any CPU
		{686D12D1-D1FC-4156-AAEE-9DD41BA45618}.Release|Any CPU.ActiveCfg = Release|Any CPU
		{686D12D1-D1FC-4156-AAEE-9DD41BA45618}.Release|Any CPU.Build.0 = Release|Any CPU
	EndGlobalSection
	GlobalSection(SolutionProperties) = preSolution
		HideSolutionNode = FALSE
	EndGlobalSection
	GlobalSection(ExtensibilityGlobals) = postSolution
		SolutionGuid = {E10E8FB5-5158-4E47-A0D4-A6B955324C9A}
	EndGlobalSection
EndGlobal
