
Microsoft Visual Studio Solution File, Format Version 12.00
# Visual Studio Version 16
VisualStudioVersion = 16.0.30011.22
MinimumVisualStudioVersion = 10.0.40219.1
Project("{9A19103F-16F7-4668-BE54-9A1E7A4F7556}") = "FaceAlgorismTestConsole", "FaceAlgorismTestConsole.csproj", "{CF1AB94F-49B4-4D3C-9DEC-069FDADBB374}"
EndProject
Project("{2150E333-8FDC-42A3-9474-1A3956D46DE8}") = "Solution Items", "Solution Items", "{595FA2F9-2F8C-48F6-961B-D1980C90F124}"
	ProjectSection(SolutionItems) = preProject
		bin\Debug\netcoreapp3.1\cuface_config.json = bin\Debug\netcoreapp3.1\cuface_config.json
	EndProjectSection
EndProject
Global
	GlobalSection(SolutionConfigurationPlatforms) = preSolution
		Debug|Any CPU = Debug|Any CPU
		Debug|x64 = Debug|x64
		Debug|x86 = Debug|x86
		Release|Any CPU = Release|Any CPU
		Release|x64 = Release|x64
		Release|x86 = Release|x86
	EndGlobalSection
	GlobalSection(ProjectConfigurationPlatforms) = postSolution
		{CF1AB94F-49B4-4D3C-9DEC-069FDADBB374}.Debug|Any CPU.ActiveCfg = Debug|Any CPU
		{CF1AB94F-49B4-4D3C-9DEC-069FDADBB374}.Debug|Any CPU.Build.0 = Debug|Any CPU
		{CF1AB94F-49B4-4D3C-9DEC-069FDADBB374}.Debug|x64.ActiveCfg = Debug|x64
		{CF1AB94F-49B4-4D3C-9DEC-069FDADBB374}.Debug|x64.Build.0 = Debug|x64
		{CF1AB94F-49B4-4D3C-9DEC-069FDADBB374}.Debug|x86.ActiveCfg = Debug|x86
		{CF1AB94F-49B4-4D3C-9DEC-069FDADBB374}.Debug|x86.Build.0 = Debug|x86
		{CF1AB94F-49B4-4D3C-9DEC-069FDADBB374}.Release|Any CPU.ActiveCfg = Debug|Any CPU
		{CF1AB94F-49B4-4D3C-9DEC-069FDADBB374}.Release|Any CPU.Build.0 = Debug|Any CPU
		{CF1AB94F-49B4-4D3C-9DEC-069FDADBB374}.Release|x64.ActiveCfg = Debug|x64
		{CF1AB94F-49B4-4D3C-9DEC-069FDADBB374}.Release|x64.Build.0 = Debug|x64
		{CF1AB94F-49B4-4D3C-9DEC-069FDADBB374}.Release|x86.ActiveCfg = Release|x86
		{CF1AB94F-49B4-4D3C-9DEC-069FDADBB374}.Release|x86.Build.0 = Release|x86
	EndGlobalSection
	GlobalSection(SolutionProperties) = preSolution
		HideSolutionNode = FALSE
	EndGlobalSection
	GlobalSection(ExtensibilityGlobals) = postSolution
		SolutionGuid = {1FB881C6-3C44-4FC3-920B-4BFCF24C9B05}
	EndGlobalSection
EndGlobal
