
Microsoft Visual Studio Solution File, Format Version 12.00
# Visual Studio Version 16
VisualStudioVersion = 16.0.30204.135
MinimumVisualStudioVersion = 10.0.40219.1
Project("{FAE04EC0-301F-11D3-BF4B-00C04F79EFBC}") = "ImageCrop", "ImageCrop.csproj", "{F5177BC2-EDEA-4ECA-A0AF-310BFCB4BA22}"
EndProject
Global
	GlobalSection(SolutionConfigurationPlatforms) = preSolution
		Debug|Any CPU = Debug|Any CPU
		Release|Any CPU = Release|Any CPU
	EndGlobalSection
	GlobalSection(ProjectConfigurationPlatforms) = postSolution
		{F5177BC2-EDEA-4ECA-A0AF-310BFCB4BA22}.Debug|Any CPU.ActiveCfg = Debug|Any CPU
		{F5177BC2-EDEA-4ECA-A0AF-310BFCB4BA22}.Debug|Any CPU.Build.0 = Debug|Any CPU
		{F5177BC2-EDEA-4ECA-A0AF-310BFCB4BA22}.Release|Any CPU.ActiveCfg = Release|Any CPU
		{F5177BC2-EDEA-4ECA-A0AF-310BFCB4BA22}.Release|Any CPU.Build.0 = Release|Any CPU
	EndGlobalSection
	GlobalSection(SolutionProperties) = preSolution
		HideSolutionNode = FALSE
	EndGlobalSection
	GlobalSection(ExtensibilityGlobals) = postSolution
		SolutionGuid = {A4CBA28B-2803-48C2-B38F-66AAC6C97F64}
	EndGlobalSection
EndGlobal
